version: 1
files:
  messages\en.json:
    PhotoViewer.title: 1c5dfeb9581f4fe4fb3dadd3e8d72142
    PhotoViewer.description: d3ee024024e9ccc1ac52b04c5992971d
    PhotoViewer.orderBy: 62071be856b21355aa1ca4c08453040b
    Pagination.prev: 292d37187f30bfe76e7fa34f249fd39d
    Pagination.next: 257a7b4c17035553819990bc73114989
    Pagination.info: 0081577185e2b9f1678d74f331b68e8b
    Footer.credits: fdf18b9607ab637a99ae04d627ad8294
    Home.title: 42e3a070a3340eac35673a93987bff98
    Home.description: a6112a6cd7cde7e544864a6cee44fafe
    Hero.title: 6279bf7f36501c90521531a89fcdbf11
    Hero.subtitle: 800e7b758a6e62f57fbc25f073a1f0f4
    Hero.description: 87645fdfd374e6b3efcd888467758f15
    Hero.cta.explore: 60a93ce9cf9eac236bc8cd863656fd18
    Hero.cta.learnMore: cec0cd69bc234d8d16f4187e2144cbd7
    Hero.features.community.title: 32f630c4391d16579a3418da67de8be4
    Hero.features.community.description: 3ea3b9d324bcc95e2d1f7c4e506d5599
    Hero.features.discover.title: 6cf138624fb612f35dacbd2aa03b05a0
    Hero.features.discover.description: e6112ef68e4a7f9f3c4cf674c8385420
    Hero.features.curated.title: 6f34a07316720528d9d999d06f3c98cf
    Hero.features.curated.description: d34a05da609f410f17955c51fc146934
    Features.title: 440c8e210dd353075f67f38bca2dbe2c
    Features.subtitle: e0877d90496ec873ae4d71038923f867
    Features.feature1.title: 32f630c4391d16579a3418da67de8be4
    Features.feature1.description: d7d52b8b7d19c49ce85007b70a852e70
    Features.feature2.title: 4eef44e3f94cd4252cababedc3021007
    Features.feature2.description: 40f4d404e47f25ac6ecdb94f7a108971
    Features.feature3.title: a7ba378d065a3501aa07012e7054d8ea
    Features.feature3.description: 7900e231a53e5e54582644ef54966b52
    Stats.title: 66b04c46e4cdf74c16dfc267c7a5cbc8
    Stats.subtitle: c4fbd090b98373b36935776645ecec8b
    Stats.visitors.title: 92de6cdef4ba6fe231934d976a37127b
    Stats.visitors.description: dba69bb11f92ff0f51d4bc39eeda1df5
    Stats.countries.title: 6c51308c891322544007578076e6c4b6
    Stats.countries.description: fde1b55b709f3a0d728900158d511b09
    Stats.languages.title: 1ea21417b4fc870a18d6a244983be72b
    Stats.languages.description: a5d3ecea7a84834da105a16fc850c93b
    Gallery.title: d8ead1c75aa58f6ccaef556074c24766
    Gallery.subtitle: d25bed16c67e4a318a74eea1fd9f475d
    Gallery.searchPlaceholder: 85cee0868a14955778b7af2d6e7c6a2f
    Gallery.noMorePhotos: f57094ae913130eed55eda37db5f591e
    Gallery.noResults: 1c643b220477968acc43c3c6ac8c9cda
